
Microsoft Visual Studio Solution File, Format Version 12.00
# Visual Studio 15
VisualStudioVersion = 15.0.28010.2046
MinimumVisualStudioVersion = 10.0.40219.1
Project("{FAE04EC0-301F-11D3-BF4B-00C04F79EFBC}") = "17-CRUDPersonasUWP-API-UI", "17-CRUDPersonasUWP-API-UI\17-CRUDPersonasUWP-API-UI.csproj", "{A4A4E85C-0A0B-437D-B960-CE571373494E}"
EndProject
Project("{FAE04EC0-301F-11D3-BF4B-00C04F79EFBC}") = "17-CRUDPersonasUWP-API-BL", "17-CRUDPersonasUWP-API-BL\17-CRUDPersonasUWP-API-BL.csproj", "{58A35F40-4C3F-444F-B471-862AFC62CB93}"
EndProject
Project("{FAE04EC0-301F-11D3-BF4B-00C04F79EFBC}") = "17-CRUDPersonasUWP-API-DAL", "17-CRUDPersonasUWP-API-DAL\17-CRUDPersonasUWP-API-DAL.csproj", "{48B4AE3A-2670-4DCB-B00F-39FAB9E48188}"
EndProject
Project("{FAE04EC0-301F-11D3-BF4B-00C04F79EFBC}") = "17-CRUDPersonasUWP-API-Entidades", "17-CRUDPersonasUWP-API-Entidades\17-CRUDPersonasUWP-API-Entidades.csproj", "{24063035-76E5-490A-B8D7-88FD3E184445}"
EndProject
Global
	GlobalSection(SolutionConfigurationPlatforms) = preSolution
		Debug|Any CPU = Debug|Any CPU
		Debug|ARM = Debug|ARM
		Debug|x64 = Debug|x64
		Debug|x86 = Debug|x86
		Release|Any CPU = Release|Any CPU
		Release|ARM = Release|ARM
		Release|x64 = Release|x64
		Release|x86 = Release|x86
	EndGlobalSection
	GlobalSection(ProjectConfigurationPlatforms) = postSolution
		{A4A4E85C-0A0B-437D-B960-CE571373494E}.Debug|Any CPU.ActiveCfg = Debug|x86
		{A4A4E85C-0A0B-437D-B960-CE571373494E}.Debug|ARM.ActiveCfg = Debug|ARM
		{A4A4E85C-0A0B-437D-B960-CE571373494E}.Debug|ARM.Build.0 = Debug|ARM
		{A4A4E85C-0A0B-437D-B960-CE571373494E}.Debug|ARM.Deploy.0 = Debug|ARM
		{A4A4E85C-0A0B-437D-B960-CE571373494E}.Debug|x64.ActiveCfg = Debug|x64
		{A4A4E85C-0A0B-437D-B960-CE571373494E}.Debug|x64.Build.0 = Debug|x64
		{A4A4E85C-0A0B-437D-B960-CE571373494E}.Debug|x64.Deploy.0 = Debug|x64
		{A4A4E85C-0A0B-437D-B960-CE571373494E}.Debug|x86.ActiveCfg = Debug|x86
		{A4A4E85C-0A0B-437D-B960-CE571373494E}.Debug|x86.Build.0 = Debug|x86
		{A4A4E85C-0A0B-437D-B960-CE571373494E}.Debug|x86.Deploy.0 = Debug|x86
		{A4A4E85C-0A0B-437D-B960-CE571373494E}.Release|Any CPU.ActiveCfg = Release|x86
		{A4A4E85C-0A0B-437D-B960-CE571373494E}.Release|ARM.ActiveCfg = Release|ARM
		{A4A4E85C-0A0B-437D-B960-CE571373494E}.Release|ARM.Build.0 = Release|ARM
		{A4A4E85C-0A0B-437D-B960-CE571373494E}.Release|ARM.Deploy.0 = Release|ARM
		{A4A4E85C-0A0B-437D-B960-CE571373494E}.Release|x64.ActiveCfg = Release|x64
		{A4A4E85C-0A0B-437D-B960-CE571373494E}.Release|x64.Build.0 = Release|x64
		{A4A4E85C-0A0B-437D-B960-CE571373494E}.Release|x64.Deploy.0 = Release|x64
		{A4A4E85C-0A0B-437D-B960-CE571373494E}.Release|x86.ActiveCfg = Release|x86
		{A4A4E85C-0A0B-437D-B960-CE571373494E}.Release|x86.Build.0 = Release|x86
		{A4A4E85C-0A0B-437D-B960-CE571373494E}.Release|x86.Deploy.0 = Release|x86
		{58A35F40-4C3F-444F-B471-862AFC62CB93}.Debug|Any CPU.ActiveCfg = Debug|Any CPU
		{58A35F40-4C3F-444F-B471-862AFC62CB93}.Debug|Any CPU.Build.0 = Debug|Any CPU
		{58A35F40-4C3F-444F-B471-862AFC62CB93}.Debug|ARM.ActiveCfg = Debug|ARM
		{58A35F40-4C3F-444F-B471-862AFC62CB93}.Debug|ARM.Build.0 = Debug|ARM
		{58A35F40-4C3F-444F-B471-862AFC62CB93}.Debug|x64.ActiveCfg = Debug|x64
		{58A35F40-4C3F-444F-B471-862AFC62CB93}.Debug|x64.Build.0 = Debug|x64
		{58A35F40-4C3F-444F-B471-862AFC62CB93}.Debug|x86.ActiveCfg = Debug|x86
		{58A35F40-4C3F-444F-B471-862AFC62CB93}.Debug|x86.Build.0 = Debug|x86
		{58A35F40-4C3F-444F-B471-862AFC62CB93}.Release|Any CPU.ActiveCfg = Release|Any CPU
		{58A35F40-4C3F-444F-B471-862AFC62CB93}.Release|Any CPU.Build.0 = Release|Any CPU
		{58A35F40-4C3F-444F-B471-862AFC62CB93}.Release|ARM.ActiveCfg = Release|ARM
		{58A35F40-4C3F-444F-B471-862AFC62CB93}.Release|ARM.Build.0 = Release|ARM
		{58A35F40-4C3F-444F-B471-862AFC62CB93}.Release|x64.ActiveCfg = Release|x64
		{58A35F40-4C3F-444F-B471-862AFC62CB93}.Release|x64.Build.0 = Release|x64
		{58A35F40-4C3F-444F-B471-862AFC62CB93}.Release|x86.ActiveCfg = Release|x86
		{58A35F40-4C3F-444F-B471-862AFC62CB93}.Release|x86.Build.0 = Release|x86
		{48B4AE3A-2670-4DCB-B00F-39FAB9E48188}.Debug|Any CPU.ActiveCfg = Debug|Any CPU
		{48B4AE3A-2670-4DCB-B00F-39FAB9E48188}.Debug|Any CPU.Build.0 = Debug|Any CPU
		{48B4AE3A-2670-4DCB-B00F-39FAB9E48188}.Debug|ARM.ActiveCfg = Debug|ARM
		{48B4AE3A-2670-4DCB-B00F-39FAB9E48188}.Debug|ARM.Build.0 = Debug|ARM
		{48B4AE3A-2670-4DCB-B00F-39FAB9E48188}.Debug|x64.ActiveCfg = Debug|x64
		{48B4AE3A-2670-4DCB-B00F-39FAB9E48188}.Debug|x64.Build.0 = Debug|x64
		{48B4AE3A-2670-4DCB-B00F-39FAB9E48188}.Debug|x86.ActiveCfg = Debug|x86
		{48B4AE3A-2670-4DCB-B00F-39FAB9E48188}.Debug|x86.Build.0 = Debug|x86
		{48B4AE3A-2670-4DCB-B00F-39FAB9E48188}.Release|Any CPU.ActiveCfg = Release|Any CPU
		{48B4AE3A-2670-4DCB-B00F-39FAB9E48188}.Release|Any CPU.Build.0 = Release|Any CPU
		{48B4AE3A-2670-4DCB-B00F-39FAB9E48188}.Release|ARM.ActiveCfg = Release|ARM
		{48B4AE3A-2670-4DCB-B00F-39FAB9E48188}.Release|ARM.Build.0 = Release|ARM
		{48B4AE3A-2670-4DCB-B00F-39FAB9E48188}.Release|x64.ActiveCfg = Release|x64
		{48B4AE3A-2670-4DCB-B00F-39FAB9E48188}.Release|x64.Build.0 = Release|x64
		{48B4AE3A-2670-4DCB-B00F-39FAB9E48188}.Release|x86.ActiveCfg = Release|x86
		{48B4AE3A-2670-4DCB-B00F-39FAB9E48188}.Release|x86.Build.0 = Release|x86
		{24063035-76E5-490A-B8D7-88FD3E184445}.Debug|Any CPU.ActiveCfg = Debug|Any CPU
		{24063035-76E5-490A-B8D7-88FD3E184445}.Debug|Any CPU.Build.0 = Debug|Any CPU
		{24063035-76E5-490A-B8D7-88FD3E184445}.Debug|ARM.ActiveCfg = Debug|ARM
		{24063035-76E5-490A-B8D7-88FD3E184445}.Debug|ARM.Build.0 = Debug|ARM
		{24063035-76E5-490A-B8D7-88FD3E184445}.Debug|x64.ActiveCfg = Debug|x64
		{24063035-76E5-490A-B8D7-88FD3E184445}.Debug|x64.Build.0 = Debug|x64
		{24063035-76E5-490A-B8D7-88FD3E184445}.Debug|x86.ActiveCfg = Debug|x86
		{24063035-76E5-490A-B8D7-88FD3E184445}.Debug|x86.Build.0 = Debug|x86
		{24063035-76E5-490A-B8D7-88FD3E184445}.Release|Any CPU.ActiveCfg = Release|Any CPU
		{24063035-76E5-490A-B8D7-88FD3E184445}.Release|Any CPU.Build.0 = Release|Any CPU
		{24063035-76E5-490A-B8D7-88FD3E184445}.Release|ARM.ActiveCfg = Release|ARM
		{24063035-76E5-490A-B8D7-88FD3E184445}.Release|ARM.Build.0 = Release|ARM
		{24063035-76E5-490A-B8D7-88FD3E184445}.Release|x64.ActiveCfg = Release|x64
		{24063035-76E5-490A-B8D7-88FD3E184445}.Release|x64.Build.0 = Release|x64
		{24063035-76E5-490A-B8D7-88FD3E184445}.Release|x86.ActiveCfg = Release|x86
		{24063035-76E5-490A-B8D7-88FD3E184445}.Release|x86.Build.0 = Release|x86
	EndGlobalSection
	GlobalSection(SolutionProperties) = preSolution
		HideSolutionNode = FALSE
	EndGlobalSection
	GlobalSection(ExtensibilityGlobals) = postSolution
		SolutionGuid = {1181D6E3-D81A-4F6D-9AF5-1488D40D883B}
	EndGlobalSection
EndGlobal
