
Microsoft Visual Studio Solution File, Format Version 12.00
# Visual Studio 15
VisualStudioVersion = 15.0.28010.2046
MinimumVisualStudioVersion = 10.0.40219.1
Project("{FAE04EC0-301F-11D3-BF4B-00C04F79EFBC}") = "14-CRUDPersonasUWP-UI", "14-CRUDPersonasUWP-UI\14-CRUDPersonasUWP-UI.csproj", "{FF428CCD-4B93-4CE5-A51F-128E23E8BFC1}"
EndProject
Project("{FAE04EC0-301F-11D3-BF4B-00C04F79EFBC}") = "14-CRUDPersonasUWP-DAL", "14-CRUDPersonasUWP-DAL\14-CRUDPersonasUWP-DAL.csproj", "{7E535563-CE17-46C5-A024-9265496AE9B9}"
EndProject
Project("{FAE04EC0-301F-11D3-BF4B-00C04F79EFBC}") = "14-CRUDPersonasUWP-BL", "14-CRUDPersonasUWP-BL\14-CRUDPersonasUWP-BL.csproj", "{F38560A6-EC16-42F8-AB3D-900C892F0D72}"
EndProject
Project("{FAE04EC0-301F-11D3-BF4B-00C04F79EFBC}") = "14-CRUDPersonasUWP-Entidades", "14-CRUDPersonasUWP-Entidades\14-CRUDPersonasUWP-Entidades.csproj", "{F454E878-285C-4950-B61D-763413BB27F7}"
EndProject
Global
	GlobalSection(SolutionConfigurationPlatforms) = preSolution
		Debug|Any CPU = Debug|Any CPU
		Debug|ARM = Debug|ARM
		Debug|x64 = Debug|x64
		Debug|x86 = Debug|x86
		Release|Any CPU = Release|Any CPU
		Release|ARM = Release|ARM
		Release|x64 = Release|x64
		Release|x86 = Release|x86
	EndGlobalSection
	GlobalSection(ProjectConfigurationPlatforms) = postSolution
		{FF428CCD-4B93-4CE5-A51F-128E23E8BFC1}.Debug|Any CPU.ActiveCfg = Debug|x86
		{FF428CCD-4B93-4CE5-A51F-128E23E8BFC1}.Debug|ARM.ActiveCfg = Debug|ARM
		{FF428CCD-4B93-4CE5-A51F-128E23E8BFC1}.Debug|ARM.Build.0 = Debug|ARM
		{FF428CCD-4B93-4CE5-A51F-128E23E8BFC1}.Debug|ARM.Deploy.0 = Debug|ARM
		{FF428CCD-4B93-4CE5-A51F-128E23E8BFC1}.Debug|x64.ActiveCfg = Debug|x64
		{FF428CCD-4B93-4CE5-A51F-128E23E8BFC1}.Debug|x64.Build.0 = Debug|x64
		{FF428CCD-4B93-4CE5-A51F-128E23E8BFC1}.Debug|x64.Deploy.0 = Debug|x64
		{FF428CCD-4B93-4CE5-A51F-128E23E8BFC1}.Debug|x86.ActiveCfg = Debug|x86
		{FF428CCD-4B93-4CE5-A51F-128E23E8BFC1}.Debug|x86.Build.0 = Debug|x86
		{FF428CCD-4B93-4CE5-A51F-128E23E8BFC1}.Debug|x86.Deploy.0 = Debug|x86
		{FF428CCD-4B93-4CE5-A51F-128E23E8BFC1}.Release|Any CPU.ActiveCfg = Release|x86
		{FF428CCD-4B93-4CE5-A51F-128E23E8BFC1}.Release|ARM.ActiveCfg = Release|ARM
		{FF428CCD-4B93-4CE5-A51F-128E23E8BFC1}.Release|ARM.Build.0 = Release|ARM
		{FF428CCD-4B93-4CE5-A51F-128E23E8BFC1}.Release|ARM.Deploy.0 = Release|ARM
		{FF428CCD-4B93-4CE5-A51F-128E23E8BFC1}.Release|x64.ActiveCfg = Release|x64
		{FF428CCD-4B93-4CE5-A51F-128E23E8BFC1}.Release|x64.Build.0 = Release|x64
		{FF428CCD-4B93-4CE5-A51F-128E23E8BFC1}.Release|x64.Deploy.0 = Release|x64
		{FF428CCD-4B93-4CE5-A51F-128E23E8BFC1}.Release|x86.ActiveCfg = Release|x86
		{FF428CCD-4B93-4CE5-A51F-128E23E8BFC1}.Release|x86.Build.0 = Release|x86
		{FF428CCD-4B93-4CE5-A51F-128E23E8BFC1}.Release|x86.Deploy.0 = Release|x86
		{7E535563-CE17-46C5-A024-9265496AE9B9}.Debug|Any CPU.ActiveCfg = Debug|Any CPU
		{7E535563-CE17-46C5-A024-9265496AE9B9}.Debug|Any CPU.Build.0 = Debug|Any CPU
		{7E535563-CE17-46C5-A024-9265496AE9B9}.Debug|ARM.ActiveCfg = Debug|ARM
		{7E535563-CE17-46C5-A024-9265496AE9B9}.Debug|ARM.Build.0 = Debug|ARM
		{7E535563-CE17-46C5-A024-9265496AE9B9}.Debug|x64.ActiveCfg = Debug|x64
		{7E535563-CE17-46C5-A024-9265496AE9B9}.Debug|x64.Build.0 = Debug|x64
		{7E535563-CE17-46C5-A024-9265496AE9B9}.Debug|x86.ActiveCfg = Debug|x86
		{7E535563-CE17-46C5-A024-9265496AE9B9}.Debug|x86.Build.0 = Debug|x86
		{7E535563-CE17-46C5-A024-9265496AE9B9}.Release|Any CPU.ActiveCfg = Release|Any CPU
		{7E535563-CE17-46C5-A024-9265496AE9B9}.Release|Any CPU.Build.0 = Release|Any CPU
		{7E535563-CE17-46C5-A024-9265496AE9B9}.Release|ARM.ActiveCfg = Release|ARM
		{7E535563-CE17-46C5-A024-9265496AE9B9}.Release|ARM.Build.0 = Release|ARM
		{7E535563-CE17-46C5-A024-9265496AE9B9}.Release|x64.ActiveCfg = Release|x64
		{7E535563-CE17-46C5-A024-9265496AE9B9}.Release|x64.Build.0 = Release|x64
		{7E535563-CE17-46C5-A024-9265496AE9B9}.Release|x86.ActiveCfg = Release|x86
		{7E535563-CE17-46C5-A024-9265496AE9B9}.Release|x86.Build.0 = Release|x86
		{F38560A6-EC16-42F8-AB3D-900C892F0D72}.Debug|Any CPU.ActiveCfg = Debug|Any CPU
		{F38560A6-EC16-42F8-AB3D-900C892F0D72}.Debug|Any CPU.Build.0 = Debug|Any CPU
		{F38560A6-EC16-42F8-AB3D-900C892F0D72}.Debug|ARM.ActiveCfg = Debug|ARM
		{F38560A6-EC16-42F8-AB3D-900C892F0D72}.Debug|ARM.Build.0 = Debug|ARM
		{F38560A6-EC16-42F8-AB3D-900C892F0D72}.Debug|x64.ActiveCfg = Debug|x64
		{F38560A6-EC16-42F8-AB3D-900C892F0D72}.Debug|x64.Build.0 = Debug|x64
		{F38560A6-EC16-42F8-AB3D-900C892F0D72}.Debug|x86.ActiveCfg = Debug|x86
		{F38560A6-EC16-42F8-AB3D-900C892F0D72}.Debug|x86.Build.0 = Debug|x86
		{F38560A6-EC16-42F8-AB3D-900C892F0D72}.Release|Any CPU.ActiveCfg = Release|Any CPU
		{F38560A6-EC16-42F8-AB3D-900C892F0D72}.Release|Any CPU.Build.0 = Release|Any CPU
		{F38560A6-EC16-42F8-AB3D-900C892F0D72}.Release|ARM.ActiveCfg = Release|ARM
		{F38560A6-EC16-42F8-AB3D-900C892F0D72}.Release|ARM.Build.0 = Release|ARM
		{F38560A6-EC16-42F8-AB3D-900C892F0D72}.Release|x64.ActiveCfg = Release|x64
		{F38560A6-EC16-42F8-AB3D-900C892F0D72}.Release|x64.Build.0 = Release|x64
		{F38560A6-EC16-42F8-AB3D-900C892F0D72}.Release|x86.ActiveCfg = Release|x86
		{F38560A6-EC16-42F8-AB3D-900C892F0D72}.Release|x86.Build.0 = Release|x86
		{F454E878-285C-4950-B61D-763413BB27F7}.Debug|Any CPU.ActiveCfg = Debug|Any CPU
		{F454E878-285C-4950-B61D-763413BB27F7}.Debug|Any CPU.Build.0 = Debug|Any CPU
		{F454E878-285C-4950-B61D-763413BB27F7}.Debug|ARM.ActiveCfg = Debug|ARM
		{F454E878-285C-4950-B61D-763413BB27F7}.Debug|ARM.Build.0 = Debug|ARM
		{F454E878-285C-4950-B61D-763413BB27F7}.Debug|x64.ActiveCfg = Debug|x64
		{F454E878-285C-4950-B61D-763413BB27F7}.Debug|x64.Build.0 = Debug|x64
		{F454E878-285C-4950-B61D-763413BB27F7}.Debug|x86.ActiveCfg = Debug|x86
		{F454E878-285C-4950-B61D-763413BB27F7}.Debug|x86.Build.0 = Debug|x86
		{F454E878-285C-4950-B61D-763413BB27F7}.Release|Any CPU.ActiveCfg = Release|Any CPU
		{F454E878-285C-4950-B61D-763413BB27F7}.Release|Any CPU.Build.0 = Release|Any CPU
		{F454E878-285C-4950-B61D-763413BB27F7}.Release|ARM.ActiveCfg = Release|ARM
		{F454E878-285C-4950-B61D-763413BB27F7}.Release|ARM.Build.0 = Release|ARM
		{F454E878-285C-4950-B61D-763413BB27F7}.Release|x64.ActiveCfg = Release|x64
		{F454E878-285C-4950-B61D-763413BB27F7}.Release|x64.Build.0 = Release|x64
		{F454E878-285C-4950-B61D-763413BB27F7}.Release|x86.ActiveCfg = Release|x86
		{F454E878-285C-4950-B61D-763413BB27F7}.Release|x86.Build.0 = Release|x86
	EndGlobalSection
	GlobalSection(SolutionProperties) = preSolution
		HideSolutionNode = FALSE
	EndGlobalSection
	GlobalSection(ExtensibilityGlobals) = postSolution
		SolutionGuid = {BBA15FFE-0BA6-4748-B89D-BF1B6D7F2595}
	EndGlobalSection
EndGlobal
